
Microsoft Visual Studio Solution File, Format Version 12.00
# Visual Studio Version 16
VisualStudioVersion = 16.0.31112.23
MinimumVisualStudioVersion = 10.0.40219.1
Project("{FAE04EC0-301F-11D3-BF4B-00C04F79EFBC}") = "NFGeradorXML", "NFGeradorXML\NFGeradorXML.csproj", "{BA9D5B3E-B70D-41C7-BC8F-93801AD7D8FC}"
EndProject
Global
	GlobalSection(SolutionConfigurationPlatforms) = preSolution
		Debug|Any CPU = Debug|Any CPU
		Release|Any CPU = Release|Any CPU
	EndGlobalSection
	GlobalSection(ProjectConfigurationPlatforms) = postSolution
		{BA9D5B3E-B70D-41C7-BC8F-93801AD7D8FC}.Debug|Any CPU.ActiveCfg = Debug|Any CPU
		{BA9D5B3E-B70D-41C7-BC8F-93801AD7D8FC}.Debug|Any CPU.Build.0 = Debug|Any CPU
		{BA9D5B3E-B70D-41C7-BC8F-93801AD7D8FC}.Release|Any CPU.ActiveCfg = Release|Any CPU
		{BA9D5B3E-B70D-41C7-BC8F-93801AD7D8FC}.Release|Any CPU.Build.0 = Release|Any CPU
	EndGlobalSection
	GlobalSection(SolutionProperties) = preSolution
		HideSolutionNode = FALSE
	EndGlobalSection
	GlobalSection(ExtensibilityGlobals) = postSolution
		SolutionGuid = {AB44AC8B-C90A-45A2-8DF9-8EE6F42121A7}
	EndGlobalSection
EndGlobal
